
Microsoft Visual Studio Solution File, Format Version 12.00
# Visual Studio Version 17
VisualStudioVersion = 17.5.33424.131
MinimumVisualStudioVersion = 10.0.40219.1
Project("{FAE04EC0-301F-11D3-BF4B-00C04F79EFBC}") = "ClinicaMedica", "ClinicaMedica.csproj", "{DA187C67-E9C5-4D4F-AB4E-BA7C63A1FBAC}"
EndProject
Global
	GlobalSection(SolutionConfigurationPlatforms) = preSolution
		Debug|Any CPU = Debug|Any CPU
		Release|Any CPU = Release|Any CPU
	EndGlobalSection
	GlobalSection(ProjectConfigurationPlatforms) = postSolution
		{DA187C67-E9C5-4D4F-AB4E-BA7C63A1FBAC}.Debug|Any CPU.ActiveCfg = Debug|Any CPU
		{DA187C67-E9C5-4D4F-AB4E-BA7C63A1FBAC}.Debug|Any CPU.Build.0 = Debug|Any CPU
		{DA187C67-E9C5-4D4F-AB4E-BA7C63A1FBAC}.Release|Any CPU.ActiveCfg = Release|Any CPU
		{DA187C67-E9C5-4D4F-AB4E-BA7C63A1FBAC}.Release|Any CPU.Build.0 = Release|Any CPU
	EndGlobalSection
	GlobalSection(SolutionProperties) = preSolution
		HideSolutionNode = FALSE
	EndGlobalSection
	GlobalSection(ExtensibilityGlobals) = postSolution
		SolutionGuid = {730A6B34-6DDA-4A12-8D88-EC90E285F5A5}
	EndGlobalSection
EndGlobal
